Microsoft Visual Studio Solution File, Format Version 12.00
# Visual Studio 2012
Project("{FAE04EC0-301F-11D3-BF4B-00C04F79EFBC}") = "Desktop Fox", "Desktop Fox.csproj", "{CCED22BA-456E-4591-9264-DB99E6A7FEB6}"
EndProject
Global
	GlobalSection(SolutionConfigurationPlatforms) = preSolution
	Debug|Any CPU = Debug|Any CPU
	ExportDebug|Any CPU = ExportDebug|Any CPU
	ExportRelease|Any CPU = ExportRelease|Any CPU
	EndGlobalSection
	GlobalSection(ProjectConfigurationPlatforms) = postSolution
		{CCED22BA-456E-4591-9264-DB99E6A7FEB6}.Debug|Any CPU.ActiveCfg = Debug|Any CPU
		{CCED22BA-456E-4591-9264-DB99E6A7FEB6}.Debug|Any CPU.Build.0 = Debug|Any CPU
		{CCED22BA-456E-4591-9264-DB99E6A7FEB6}.ExportDebug|Any CPU.ActiveCfg = ExportDebug|Any CPU
		{CCED22BA-456E-4591-9264-DB99E6A7FEB6}.ExportDebug|Any CPU.Build.0 = ExportDebug|Any CPU
		{CCED22BA-456E-4591-9264-DB99E6A7FEB6}.ExportRelease|Any CPU.ActiveCfg = ExportRelease|Any CPU
		{CCED22BA-456E-4591-9264-DB99E6A7FEB6}.ExportRelease|Any CPU.Build.0 = ExportRelease|Any CPU
	EndGlobalSection
EndGlobal
